
Microsoft Visual Studio Solution File, Format Version 12.00
# Visual Studio Version 17
VisualStudioVersion = 17.8.34316.72
MinimumVisualStudioVersion = 10.0.40219.1
Project("{FAE04EC0-301F-11D3-BF4B-00C04F79EFBC}") = "HouseRentingSystemRussian", "HouseRentingSystemRussian.csproj", "{CDEB1FA1-8676-42E6-ACFA-48C21D381BD7}"
EndProject
Global
	GlobalSection(SolutionConfigurationPlatforms) = preSolution
		Debug|Any CPU = Debug|Any CPU
		Release|Any CPU = Release|Any CPU
	EndGlobalSection
	GlobalSection(ProjectConfigurationPlatforms) = postSolution
		{CDEB1FA1-8676-42E6-ACFA-48C21D381BD7}.Debug|Any CPU.ActiveCfg = Debug|Any CPU
		{CDEB1FA1-8676-42E6-ACFA-48C21D381BD7}.Debug|Any CPU.Build.0 = Debug|Any CPU
		{CDEB1FA1-8676-42E6-ACFA-48C21D381BD7}.Release|Any CPU.ActiveCfg = Release|Any CPU
		{CDEB1FA1-8676-42E6-ACFA-48C21D381BD7}.Release|Any CPU.Build.0 = Release|Any CPU
	EndGlobalSection
	GlobalSection(SolutionProperties) = preSolution
		HideSolutionNode = FALSE
	EndGlobalSection
	GlobalSection(ExtensibilityGlobals) = postSolution
		SolutionGuid = {DDAEE9C4-85B7-4C9B-9291-757233E1F559}
	EndGlobalSection
EndGlobal
